// !$*UTF8*$!
{
	archiveVersion = 1;
	classes = {
	};
	objectVersion = 46;
	objects = {

/* Begin PBXBuildFile section */
		1DDD58160DA1D0A300B32029 /* MainMenu.xib in Resources */ = {isa = PBXBuildFile; fileRef = 1DDD58140DA1D0A300B32029 /* MainMenu.xib */; };
		256AC3DA0F4B6AC300CF3369 /* TetherStatusBarAppDelegate.m in Sources */ = {isa = PBXBuildFile; fileRef = 256AC3D90F4B6AC300CF3369 /* TetherStatusBarAppDelegate.m */; };
		8D11072B0486CEB800E47090 /* InfoPlist.strings in Resources */ = {isa = PBXBuildFile; fileRef = 089C165CFE840E0CC02AAC07 /* InfoPlist.strings */; };
		8D11072D0486CEB800E47090 /* main.m in Sources */ = {isa = PBXBuildFile; fileRef = 29B97316FDCFA39411CA2CEA /* main.m */; settings = {ATTRIBUTES = (); }; };
		8D11072F0486CEB800E47090 /* Cocoa.framework in Frameworks */ = {isa = PBXBuildFile; fileRef = 1058C7A1FEA54F0111CA2CBB /* Cocoa.framework */; };
		DD3CE7EF173D8C3B0074FFEA /* TetherStatusView.m in Sources */ = {isa = PBXBuildFile; fileRef = DD3CE7EE173D8C3B0074FFEA /* TetherStatusView.m */; };
		DD3CE7F41742A9AC0074FFEA /* FPopConnectionStatusPoller.mm in Sources */ = {isa = PBXBuildFile; fileRef = DD3CE7F31742A9AC0074FFEA /* FPopConnectionStatusPoller.mm */; };
		DD3CE7FA1742AB980074FFEA /* FPopTestConnectionStatusPoller.m in Sources */ = {isa = PBXBuildFile; fileRef = DD3CE7F91742AB980074FFEA /* FPopTestConnectionStatusPoller.m */; };
		DD3CE7FD1742AF890074FFEA /* FPopBatteryStatusPoller.m in Sources */ = {isa = PBXBuildFile; fileRef = DD3CE7FC1742AF890074FFEA /* FPopBatteryStatusPoller.m */; };
		DD3CE8001742AFF40074FFEA /* TetherApiPoller.m in Sources */ = {isa = PBXBuildFile; fileRef = DD3CE7FF1742AFF40074FFEA /* TetherApiPoller.m */; };
		DD3CE8091742BCD70074FFEA /* FPopTestBatteryStatusPoller.m in Sources */ = {isa = PBXBuildFile; fileRef = DD3CE8081742BCD70074FFEA /* FPopTestBatteryStatusPoller.m */; };
		DD4AF57217CD6BBD001A1852 /* TetherStatusBar.icns in Resources */ = {isa = PBXBuildFile; fileRef = DD4AF57117CD6BBD001A1852 /* TetherStatusBar.icns */; };
		DD5CB931174FC933009633EA /* WifiNetworkInfo.m in Sources */ = {isa = PBXBuildFile; fileRef = DD5CB930174FC933009633EA /* WifiNetworkInfo.m */; };
		DD5CB933174FCF07009633EA /* SystemConfiguration.framework in Frameworks */ = {isa = PBXBuildFile; fileRef = DD5CB932174FCF07009633EA /* SystemConfiguration.framework */; };
		DD5CB935174FCF13009633EA /* CoreWLAN.framework in Frameworks */ = {isa = PBXBuildFile; fileRef = DD5CB934174FCF13009633EA /* CoreWLAN.framework */; };
		DD5CB9381755684A009633EA /* TestHardwareNetworkMonitor.m in Sources */ = {isa = PBXBuildFile; fileRef = DD5CB9371755684A009633EA /* TestHardwareNetworkMonitor.m */; };
		DD5CB93C17594FC7009633EA /* TestPreferencesViewController.m in Sources */ = {isa = PBXBuildFile; fileRef = DD5CB93A17594FC7009633EA /* TestPreferencesViewController.m */; };
		DD5CB93D17594FC7009633EA /* TestPreferencesViewController.xib in Resources */ = {isa = PBXBuildFile; fileRef = DD5CB93B17594FC7009633EA /* TestPreferencesViewController.xib */; };
		DD7C5F1817C4292200F09323 /* VerizonStatusPoller.m in Sources */ = {isa = PBXBuildFile; fileRef = DD7C5F1717C4292200F09323 /* VerizonStatusPoller.m */; };
		DD7C5F1B17C429ED00F09323 /* VerizonIndicatorsStatusPoller.m in Sources */ = {isa = PBXBuildFile; fileRef = DD7C5F1A17C429ED00F09323 /* VerizonIndicatorsStatusPoller.m */; };
		DD7C5F1E17C42FBF00F09323 /* VerizonStatisticsStatusPoller.m in Sources */ = {isa = PBXBuildFile; fileRef = DD7C5F1D17C42FBF00F09323 /* VerizonStatisticsStatusPoller.m */; };
		DD7C5F2317C4DD7200F09323 /* VerizonTestIndicatorsStatusPoller.m in Sources */ = {isa = PBXBuildFile; fileRef = DD7C5F2217C4DD7200F09323 /* VerizonTestIndicatorsStatusPoller.m */; };
		DD7C5F2617C4DDE400F09323 /* TestDataList.m in Sources */ = {isa = PBXBuildFile; fileRef = DD7C5F2517C4DDE400F09323 /* TestDataList.m */; };
		DD7C5F2917C4E5FF00F09323 /* VerizonTestStatisticsStatusPoller.m in Sources */ = {isa = PBXBuildFile; fileRef = DD7C5F2817C4E5FF00F09323 /* VerizonTestStatisticsStatusPoller.m */; };
		DD8225301742D35C006EFE04 /* battery-full-charging.png in Resources */ = {isa = PBXBuildFile; fileRef = DD82252A1742D35C006EFE04 /* battery-full-charging.png */; };
		DD8225311742D35C006EFE04 /* battery-full-normal.png in Resources */ = {isa = PBXBuildFile; fileRef = DD82252B1742D35C006EFE04 /* battery-full-normal.png */; };
		DD8225321742D35C006EFE04 /* battery-low-charging.png in Resources */ = {isa = PBXBuildFile; fileRef = DD82252C1742D35C006EFE04 /* battery-low-charging.png */; };
		DD8225331742D35C006EFE04 /* battery-low-normal.png in Resources */ = {isa = PBXBuildFile; fileRef = DD82252D1742D35C006EFE04 /* battery-low-normal.png */; };
		DD8225341742D35C006EFE04 /* battery-medium-charging.png in Resources */ = {isa = PBXBuildFile; fileRef = DD82252E1742D35C006EFE04 /* battery-medium-charging.png */; };
		DD8225351742D35C006EFE04 /* battery-medium-normal.png in Resources */ = {isa = PBXBuildFile; fileRef = DD82252F1742D35C006EFE04 /* battery-medium-normal.png */; };
		DD8225371742F332006EFE04 /* battery-unknown-unknown.png in Resources */ = {isa = PBXBuildFile; fileRef = DD8225361742F332006EFE04 /* battery-unknown-unknown.png */; };
		DD822540174AD9BE006EFE04 /* GeneralPreferencesViewController.m in Sources */ = {isa = PBXBuildFile; fileRef = DD82253E174AD9BD006EFE04 /* GeneralPreferencesViewController.m */; };
		DD822541174AD9BE006EFE04 /* GeneralPreferencesViewController.xib in Resources */ = {isa = PBXBuildFile; fileRef = DD82253F174AD9BE006EFE04 /* GeneralPreferencesViewController.xib */; };
		DD822547174ADAC1006EFE04 /* MASPreferencesWindow.xib in Resources */ = {isa = PBXBuildFile; fileRef = DD822544174ADAC1006EFE04 /* MASPreferencesWindow.xib */; };
		DD822548174ADAC1006EFE04 /* MASPreferencesWindowController.m in Sources */ = {isa = PBXBuildFile; fileRef = DD822546174ADAC1006EFE04 /* MASPreferencesWindowController.m */; };
		DD82254B174C3218006EFE04 /* PreferencesController.m in Sources */ = {isa = PBXBuildFile; fileRef = DD82254A174C3218006EFE04 /* PreferencesController.m */; };
		DD93A45B17C572F200C109F2 /* Defaults.plist in Resources */ = {isa = PBXBuildFile; fileRef = DD93A45A17C572F200C109F2 /* Defaults.plist */; };
		DDC7B0CD17C393BA00CB0280 /* FPopStatusPoller.m in Sources */ = {isa = PBXBuildFile; fileRef = DDC7B0CC17C393BA00CB0280 /* FPopStatusPoller.m */; };
		DDD1D5CD173C1DFC0085FDC6 /* HardwareNetworkMonitor.m in Sources */ = {isa = PBXBuildFile; fileRef = DDD1D5CC173C1DFC0085FDC6 /* HardwareNetworkMonitor.m */; };
		DDD1D5D7173D44920085FDC6 /* network-gsm-full_18.png in Resources */ = {isa = PBXBuildFile; fileRef = DDD1D5D1173D44920085FDC6 /* network-gsm-full_18.png */; };
		DDD1D5D8173D44920085FDC6 /* network-gsm-high_18.png in Resources */ = {isa = PBXBuildFile; fileRef = DDD1D5D2173D44920085FDC6 /* network-gsm-high_18.png */; };
		DDD1D5D9173D44920085FDC6 /* network-gsm-low_18.png in Resources */ = {isa = PBXBuildFile; fileRef = DDD1D5D3173D44920085FDC6 /* network-gsm-low_18.png */; };
		DDD1D5DA173D44920085FDC6 /* network-gsm-medium_18.png in Resources */ = {isa = PBXBuildFile; fileRef = DDD1D5D4173D44920085FDC6 /* network-gsm-medium_18.png */; };
		DDD1D5DB173D44920085FDC6 /* network-gsm-none_18.png in Resources */ = {isa = PBXBuildFile; fileRef = DDD1D5D5173D44920085FDC6 /* network-gsm-none_18.png */; };
		DDD1D5DC173D44920085FDC6 /* network-wireless-disconnected_18.png in Resources */ = {isa = PBXBuildFile; fileRef = DDD1D5D6173D44920085FDC6 /* network-wireless-disconnected_18.png */; };
		DDDC71991790A8490063BB93 /* TetherStatus.mm in Sources */ = {isa = PBXBuildFile; fileRef = DDDC71981790A8490063BB93 /* TetherStatus.mm */; };
		DDDC71A21790AC230063BB93 /* TetherStatusPoller.m in Sources */ = {isa = PBXBuildFile; fileRef = DDDC71A11790AC230063BB93 /* TetherStatusPoller.m */; };
/* End PBXBuildFile section */

/* Begin PBXFileReference section */
		089C165DFE840E0CC02AAC07 /* English */ = {isa = PBXFileReference; fileEncoding = 4; lastKnownFileType = text.plist.strings; name = English; path = English.lproj/InfoPlist.strings; sourceTree = "<group>"; };
		1058C7A1FEA54F0111CA2CBB /* Cocoa.framework */ = {isa = PBXFileReference; lastKnownFileType = wrapper.framework; name = Cocoa.framework; path = /System/Library/Frameworks/Cocoa.framework; sourceTree = "<absolute>"; };
		13E42FB307B3F0F600E4EEF1 /* CoreData.framework */ = {isa = PBXFileReference; lastKnownFileType = wrapper.framework; name = CoreData.framework; path = /System/Library/Frameworks/CoreData.framework; sourceTree = "<absolute>"; };
		1DDD58150DA1D0A300B32029 /* English */ = {isa = PBXFileReference; lastKnownFileType = file.xib; name = English; path = English.lproj/MainMenu.xib; sourceTree = "<group>"; };
		256AC3D80F4B6AC300CF3369 /* TetherStatusBarAppDelegate.h */ = {isa = PBXFileReference; fileEncoding = 4; lastKnownFileType = sourcecode.c.h; path = TetherStatusBarAppDelegate.h; sourceTree = "<group>"; };
		256AC3D90F4B6AC300CF3369 /* TetherStatusBarAppDelegate.m */ = {isa = PBXFileReference; fileEncoding = 4; lastKnownFileType = sourcecode.c.objc; path = TetherStatusBarAppDelegate.m; sourceTree = "<group>"; };
		256AC3F00F4B6AF500CF3369 /* TetherStatusBar_Prefix.pch */ = {isa = PBXFileReference; fileEncoding = 4; lastKnownFileType = sourcecode.c.h; path = TetherStatusBar_Prefix.pch; sourceTree = "<group>"; };
		29B97316FDCFA39411CA2CEA /* main.m */ = {isa = PBXFileReference; fileEncoding = 4; lastKnownFileType = sourcecode.c.objc; path = main.m; sourceTree = "<group>"; };
		29B97324FDCFA39411CA2CEA /* AppKit.framework */ = {isa = PBXFileReference; lastKnownFileType = wrapper.framework; name = AppKit.framework; path = /System/Library/Frameworks/AppKit.framework; sourceTree = "<absolute>"; };
		29B97325FDCFA39411CA2CEA /* Foundation.framework */ = {isa = PBXFileReference; lastKnownFileType = wrapper.framework; name = Foundation.framework; path = /System/Library/Frameworks/Foundation.framework; sourceTree = "<absolute>"; };
		8D1107310486CEB800E47090 /* TetherStatusBar-Info.plist */ = {isa = PBXFileReference; fileEncoding = 4; lastKnownFileType = text.plist.xml; path = "TetherStatusBar-Info.plist"; sourceTree = "<group>"; };
		8D1107320486CEB800E47090 /* FPopStatusBar.app */ = {isa = PBXFileReference; explicitFileType = wrapper.application; includeInIndex = 0; name = FPopStatusBar.app; path = TetherStatusBar.app; sourceTree = BUILT_PRODUCTS_DIR; };
		DD3CE7ED173D8C3B0074FFEA /* TetherStatusView.h */ = {isa = PBXFileReference; fileEncoding = 4; lastKnownFileType = sourcecode.c.h; path = TetherStatusView.h; sourceTree = "<group>"; };
		DD3CE7EE173D8C3B0074FFEA /* TetherStatusView.m */ = {isa = PBXFileReference; fileEncoding = 4; lastKnownFileType = sourcecode.c.objc; path = TetherStatusView.m; sourceTree = "<group>"; };
		DD3CE7F21742A9AC0074FFEA /* FPopConnectionStatusPoller.h */ = {isa = PBXFileReference; fileEncoding = 4; lastKnownFileType = sourcecode.c.h; path = FPopConnectionStatusPoller.h; sourceTree = "<group>"; };
		DD3CE7F31742A9AC0074FFEA /* FPopConnectionStatusPoller.mm */ = {isa = PBXFileReference; fileEncoding = 4; lastKnownFileType = sourcecode.cpp.objcpp; path = FPopConnectionStatusPoller.mm; sourceTree = "<group>"; };
		DD3CE7F81742AB980074FFEA /* FPopTestConnectionStatusPoller.h */ = {isa = PBXFileReference; fileEncoding = 4; lastKnownFileType = sourcecode.c.h; path = FPopTestConnectionStatusPoller.h; sourceTree = "<group>"; };
		DD3CE7F91742AB980074FFEA /* FPopTestConnectionStatusPoller.m */ = {isa = PBXFileReference; fileEncoding = 4; lastKnownFileType = sourcecode.c.objc; path = FPopTestConnectionStatusPoller.m; sourceTree = "<group>"; };
		DD3CE7FB1742AF890074FFEA /* FPopBatteryStatusPoller.h */ = {isa = PBXFileReference; fileEncoding = 4; lastKnownFileType = sourcecode.c.h; path = FPopBatteryStatusPoller.h; sourceTree = "<group>"; };
		DD3CE7FC1742AF890074FFEA /* FPopBatteryStatusPoller.m */ = {isa = PBXFileReference; fileEncoding = 4; lastKnownFileType = sourcecode.c.objc; path = FPopBatteryStatusPoller.m; sourceTree = "<group>"; };
		DD3CE7FE1742AFF40074FFEA /* TetherApiPoller.h */ = {isa = PBXFileReference; fileEncoding = 4; lastKnownFileType = sourcecode.c.h; path = TetherApiPoller.h; sourceTree = "<group>"; };
		DD3CE7FF1742AFF40074FFEA /* TetherApiPoller.m */ = {isa = PBXFileReference; fileEncoding = 4; lastKnownFileType = sourcecode.c.objc; path = TetherApiPoller.m; sourceTree = "<group>"; };
		DD3CE8011742B1B20074FFEA /* TetherStatusUtils.h */ = {isa = PBXFileReference; lastKnownFileType = sourcecode.c.h; path = TetherStatusUtils.h; sourceTree = "<group>"; };
		DD3CE8071742BCD70074FFEA /* FPopTestBatteryStatusPoller.h */ = {isa = PBXFileReference; fileEncoding = 4; lastKnownFileType = sourcecode.c.h; path = FPopTestBatteryStatusPoller.h; sourceTree = "<group>"; };
		DD3CE8081742BCD70074FFEA /* FPopTestBatteryStatusPoller.m */ = {isa = PBXFileReference; fileEncoding = 4; lastKnownFileType = sourcecode.c.objc; path = FPopTestBatteryStatusPoller.m; sourceTree = "<group>"; };
		DD4AF57117CD6BBD001A1852 /* TetherStatusBar.icns */ = {isa = PBXFileReference; lastKnownFileType = image.icns; path = TetherStatusBar.icns; sourceTree = "<group>"; };
		DD5CB92F174FC933009633EA /* WifiNetworkInfo.h */ = {isa = PBXFileReference; fileEncoding = 4; lastKnownFileType = sourcecode.c.h; path = WifiNetworkInfo.h; sourceTree = "<group>"; };
		DD5CB930174FC933009633EA /* WifiNetworkInfo.m */ = {isa = PBXFileReference; fileEncoding = 4; lastKnownFileType = sourcecode.c.objc; path = WifiNetworkInfo.m; sourceTree = "<group>"; };
		DD5CB932174FCF07009633EA /* SystemConfiguration.framework */ = {isa = PBXFileReference; lastKnownFileType = wrapper.framework; name = SystemConfiguration.framework; path = System/Library/Frameworks/SystemConfiguration.framework; sourceTree = SDKROOT; };
		DD5CB934174FCF13009633EA /* CoreWLAN.framework */ = {isa = PBXFileReference; lastKnownFileType = wrapper.framework; name = CoreWLAN.framework; path = System/Library/Frameworks/CoreWLAN.framework; sourceTree = SDKROOT; };
		DD5CB9361755684A009633EA /* TestHardwareNetworkMonitor.h */ = {isa = PBXFileReference; fileEncoding = 4; lastKnownFileType = sourcecode.c.h; path = TestHardwareNetworkMonitor.h; sourceTree = "<group>"; };
		DD5CB9371755684A009633EA /* TestHardwareNetworkMonitor.m */ = {isa = PBXFileReference; fileEncoding = 4; lastKnownFileType = sourcecode.c.objc; path = TestHardwareNetworkMonitor.m; sourceTree = "<group>"; };
		DD5CB93917594FC7009633EA /* TestPreferencesViewController.h */ = {isa = PBXFileReference; fileEncoding = 4; lastKnownFileType = sourcecode.c.h; path = TestPreferencesViewController.h; sourceTree = "<group>"; };
		DD5CB93A17594FC7009633EA /* TestPreferencesViewController.m */ = {isa = PBXFileReference; fileEncoding = 4; lastKnownFileType = sourcecode.c.objc; path = TestPreferencesViewController.m; sourceTree = "<group>"; };
		DD5CB93B17594FC7009633EA /* TestPreferencesViewController.xib */ = {isa = PBXFileReference; fileEncoding = 4; lastKnownFileType = file.xib; path = TestPreferencesViewController.xib; sourceTree = "<group>"; };
		DD7C5F1617C4292200F09323 /* VerizonStatusPoller.h */ = {isa = PBXFileReference; fileEncoding = 4; lastKnownFileType = sourcecode.c.h; path = VerizonStatusPoller.h; sourceTree = "<group>"; };
		DD7C5F1717C4292200F09323 /* VerizonStatusPoller.m */ = {isa = PBXFileReference; fileEncoding = 4; lastKnownFileType = sourcecode.c.objc; path = VerizonStatusPoller.m; sourceTree = "<group>"; };
		DD7C5F1917C429ED00F09323 /* VerizonIndicatorsStatusPoller.h */ = {isa = PBXFileReference; fileEncoding = 4; lastKnownFileType = sourcecode.c.h; path = VerizonIndicatorsStatusPoller.h; sourceTree = "<group>"; };
		DD7C5F1A17C429ED00F09323 /* VerizonIndicatorsStatusPoller.m */ = {isa = PBXFileReference; fileEncoding = 4; lastKnownFileType = sourcecode.c.objc; path = VerizonIndicatorsStatusPoller.m; sourceTree = "<group>"; };
		DD7C5F1C17C42FBF00F09323 /* VerizonStatisticsStatusPoller.h */ = {isa = PBXFileReference; fileEncoding = 4; lastKnownFileType = sourcecode.c.h; path = VerizonStatisticsStatusPoller.h; sourceTree = "<group>"; };
		DD7C5F1D17C42FBF00F09323 /* VerizonStatisticsStatusPoller.m */ = {isa = PBXFileReference; fileEncoding = 4; lastKnownFileType = sourcecode.c.objc; path = VerizonStatisticsStatusPoller.m; sourceTree = "<group>"; };
		DD7C5F2117C4DD7200F09323 /* VerizonTestIndicatorsStatusPoller.h */ = {isa = PBXFileReference; fileEncoding = 4; lastKnownFileType = sourcecode.c.h; path = VerizonTestIndicatorsStatusPoller.h; sourceTree = "<group>"; };
		DD7C5F2217C4DD7200F09323 /* VerizonTestIndicatorsStatusPoller.m */ = {isa = PBXFileReference; fileEncoding = 4; lastKnownFileType = sourcecode.c.objc; path = VerizonTestIndicatorsStatusPoller.m; sourceTree = "<group>"; };
		DD7C5F2417C4DDE400F09323 /* TestDataList.h */ = {isa = PBXFileReference; fileEncoding = 4; lastKnownFileType = sourcecode.c.h; path = TestDataList.h; sourceTree = "<group>"; };
		DD7C5F2517C4DDE400F09323 /* TestDataList.m */ = {isa = PBXFileReference; fileEncoding = 4; lastKnownFileType = sourcecode.c.objc; path = TestDataList.m; sourceTree = "<group>"; };
		DD7C5F2717C4E5FF00F09323 /* VerizonTestStatisticsStatusPoller.h */ = {isa = PBXFileReference; fileEncoding = 4; lastKnownFileType = sourcecode.c.h; path = VerizonTestStatisticsStatusPoller.h; sourceTree = "<group>"; };
		DD7C5F2817C4E5FF00F09323 /* VerizonTestStatisticsStatusPoller.m */ = {isa = PBXFileReference; fileEncoding = 4; lastKnownFileType = sourcecode.c.objc; path = VerizonTestStatisticsStatusPoller.m; sourceTree = "<group>"; };
		DD82252A1742D35C006EFE04 /* battery-full-charging.png */ = {isa = PBXFileReference; lastKnownFileType = image.png; name = "battery-full-charging.png"; path = "Resources/battery-full-charging.png"; sourceTree = "<group>"; };
		DD82252B1742D35C006EFE04 /* battery-full-normal.png */ = {isa = PBXFileReference; lastKnownFileType = image.png; name = "battery-full-normal.png"; path = "Resources/battery-full-normal.png"; sourceTree = "<group>"; };
		DD82252C1742D35C006EFE04 /* battery-low-charging.png */ = {isa = PBXFileReference; lastKnownFileType = image.png; name = "battery-low-charging.png"; path = "Resources/battery-low-charging.png"; sourceTree = "<group>"; };
		DD82252D1742D35C006EFE04 /* battery-low-normal.png */ = {isa = PBXFileReference; lastKnownFileType = image.png; name = "battery-low-normal.png"; path = "Resources/battery-low-normal.png"; sourceTree = "<group>"; };
		DD82252E1742D35C006EFE04 /* battery-medium-charging.png */ = {isa = PBXFileReference; lastKnownFileType = image.png; name = "battery-medium-charging.png"; path = "Resources/battery-medium-charging.png"; sourceTree = "<group>"; };
		DD82252F1742D35C006EFE04 /* battery-medium-normal.png */ = {isa = PBXFileReference; lastKnownFileType = image.png; name = "battery-medium-normal.png"; path = "Resources/battery-medium-normal.png"; sourceTree = "<group>"; };
		DD8225361742F332006EFE04 /* battery-unknown-unknown.png */ = {isa = PBXFileReference; lastKnownFileType = image.png; name = "battery-unknown-unknown.png"; path = "Resources/battery-unknown-unknown.png"; sourceTree = "<group>"; };
		DD82253D174AD9BD006EFE04 /* GeneralPreferencesViewController.h */ = {isa = PBXFileReference; fileEncoding = 4; lastKnownFileType = sourcecode.c.h; path = GeneralPreferencesViewController.h; sourceTree = "<group>"; };
		DD82253E174AD9BD006EFE04 /* GeneralPreferencesViewController.m */ = {isa = PBXFileReference; fileEncoding = 4; lastKnownFileType = sourcecode.c.objc; path = GeneralPreferencesViewController.m; sourceTree = "<group>"; };
		DD82253F174AD9BE006EFE04 /* GeneralPreferencesViewController.xib */ = {isa = PBXFileReference; fileEncoding = 4; lastKnownFileType = file.xib; path = GeneralPreferencesViewController.xib; sourceTree = "<group>"; };
		DD822543174ADAC1006EFE04 /* MASPreferencesViewController.h */ = {isa = PBXFileReference; fileEncoding = 4; lastKnownFileType = sourcecode.c.h; path = MASPreferencesViewController.h; sourceTree = "<group>"; };
		DD822544174ADAC1006EFE04 /* MASPreferencesWindow.xib */ = {isa = PBXFileReference; fileEncoding = 4; lastKnownFileType = file.xib; path = MASPreferencesWindow.xib; sourceTree = "<group>"; };
		DD822545174ADAC1006EFE04 /* MASPreferencesWindowController.h */ = {isa = PBXFileReference; fileEncoding = 4; lastKnownFileType = sourcecode.c.h; path = MASPreferencesWindowController.h; sourceTree = "<group>"; };
		DD822546174ADAC1006EFE04 /* MASPreferencesWindowController.m */ = {isa = PBXFileReference; fileEncoding = 4; lastKnownFileType = sourcecode.c.objc; path = MASPreferencesWindowController.m; sourceTree = "<group>"; };
		DD822549174C3218006EFE04 /* PreferencesController.h */ = {isa = PBXFileReference; fileEncoding = 4; lastKnownFileType = sourcecode.c.h; path = PreferencesController.h; sourceTree = "<group>"; };
		DD82254A174C3218006EFE04 /* PreferencesController.m */ = {isa = PBXFileReference; fileEncoding = 4; lastKnownFileType = sourcecode.c.objc; path = PreferencesController.m; sourceTree = "<group>"; };
		DD93A45A17C572F200C109F2 /* Defaults.plist */ = {isa = PBXFileReference; fileEncoding = 4; lastKnownFileType = text.plist.xml; path = Defaults.plist; sourceTree = "<group>"; };
		DDC7B0CB17C393BA00CB0280 /* FPopStatusPoller.h */ = {isa = PBXFileReference; fileEncoding = 4; lastKnownFileType = sourcecode.c.h; path = FPopStatusPoller.h; sourceTree = "<group>"; };
		DDC7B0CC17C393BA00CB0280 /* FPopStatusPoller.m */ = {isa = PBXFileReference; fileEncoding = 4; lastKnownFileType = sourcecode.c.objc; path = FPopStatusPoller.m; sourceTree = "<group>"; };
		DDD1D5CB173C1DFC0085FDC6 /* HardwareNetworkMonitor.h */ = {isa = PBXFileReference; fileEncoding = 4; lastKnownFileType = sourcecode.c.h; path = HardwareNetworkMonitor.h; sourceTree = "<group>"; };
		DDD1D5CC173C1DFC0085FDC6 /* HardwareNetworkMonitor.m */ = {isa = PBXFileReference; fileEncoding = 4; lastKnownFileType = sourcecode.c.objc; path = HardwareNetworkMonitor.m; sourceTree = "<group>"; };
		DDD1D5D1173D44920085FDC6 /* network-gsm-full_18.png */ = {isa = PBXFileReference; lastKnownFileType = image.png; name = "network-gsm-full_18.png"; path = "Resources/network-gsm-full_18.png"; sourceTree = "<group>"; };
		DDD1D5D2173D44920085FDC6 /* network-gsm-high_18.png */ = {isa = PBXFileReference; lastKnownFileType = image.png; name = "network-gsm-high_18.png"; path = "Resources/network-gsm-high_18.png"; sourceTree = "<group>"; };
		DDD1D5D3173D44920085FDC6 /* network-gsm-low_18.png */ = {isa = PBXFileReference; lastKnownFileType = image.png; name = "network-gsm-low_18.png"; path = "Resources/network-gsm-low_18.png"; sourceTree = "<group>"; };
		DDD1D5D4173D44920085FDC6 /* network-gsm-medium_18.png */ = {isa = PBXFileReference; lastKnownFileType = image.png; name = "network-gsm-medium_18.png"; path = "Resources/network-gsm-medium_18.png"; sourceTree = "<group>"; };
		DDD1D5D5173D44920085FDC6 /* network-gsm-none_18.png */ = {isa = PBXFileReference; lastKnownFileType = image.png; name = "network-gsm-none_18.png"; path = "Resources/network-gsm-none_18.png"; sourceTree = "<group>"; };
		DDD1D5D6173D44920085FDC6 /* network-wireless-disconnected_18.png */ = {isa = PBXFileReference; lastKnownFileType = image.png; name = "network-wireless-disconnected_18.png"; path = "Resources/network-wireless-disconnected_18.png"; sourceTree = "<group>"; };
		DDDC71971790A8490063BB93 /* TetherStatus.h */ = {isa = PBXFileReference; fileEncoding = 4; lastKnownFileType = sourcecode.c.h; path = TetherStatus.h; sourceTree = "<group>"; };
		DDDC71981790A8490063BB93 /* TetherStatus.mm */ = {isa = PBXFileReference; fileEncoding = 4; lastKnownFileType = sourcecode.cpp.objcpp; path = TetherStatus.mm; sourceTree = "<group>"; };
		DDDC71A01790AC230063BB93 /* TetherStatusPoller.h */ = {isa = PBXFileReference; fileEncoding = 4; lastKnownFileType = sourcecode.c.h; path = TetherStatusPoller.h; sourceTree = "<group>"; };
		DDDC71A11790AC230063BB93 /* TetherStatusPoller.m */ = {isa = PBXFileReference; fileEncoding = 4; lastKnownFileType = sourcecode.c.objc; path = TetherStatusPoller.m; sourceTree = "<group>"; };
/* End PBXFileReference section */

/* Begin PBXFrameworksBuildPhase section */
		8D11072E0486CEB800E47090 /* Frameworks */ = {
			isa = PBXFrameworksBuildPhase;
			buildActionMask = 2147483647;
			files = (
				8D11072F0486CEB800E47090 /* Cocoa.framework in Frameworks */,
				DD5CB933174FCF07009633EA /* SystemConfiguration.framework in Frameworks */,
				DD5CB935174FCF13009633EA /* CoreWLAN.framework in Frameworks */,
			);
			runOnlyForDeploymentPostprocessing = 0;
		};
/* End PBXFrameworksBuildPhase section */

/* Begin PBXGroup section */
		080E96DDFE201D6D7F000001 /* Classes */ = {
			isa = PBXGroup;
			children = (
				256AC3D80F4B6AC300CF3369 /* TetherStatusBarAppDelegate.h */,
				256AC3D90F4B6AC300CF3369 /* TetherStatusBarAppDelegate.m */,
				DD3CE7ED173D8C3B0074FFEA /* TetherStatusView.h */,
				DD3CE7EE173D8C3B0074FFEA /* TetherStatusView.m */,
				DDDC71A01790AC230063BB93 /* TetherStatusPoller.h */,
				DDDC71A11790AC230063BB93 /* TetherStatusPoller.m */,
				DDDC71971790A8490063BB93 /* TetherStatus.h */,
				DDDC71981790A8490063BB93 /* TetherStatus.mm */,
				DDC7B0CA17C3906000CB0280 /* Utils */,
				DD5CB92E174FC8DC009633EA /* Network */,
				DD822542174ADA62006EFE04 /* Preferences */,
				DDDC719D1790ABBE0063BB93 /* FPop */,
				DDC7B0C417C3060900CB0280 /* Verizon Jetpack */,
			);
			name = Classes;
			sourceTree = "<group>";
		};
		1058C7A0FEA54F0111CA2CBB /* Linked Frameworks */ = {
			isa = PBXGroup;
			children = (
				DD5CB934174FCF13009633EA /* CoreWLAN.framework */,
				DD5CB932174FCF07009633EA /* SystemConfiguration.framework */,
				1058C7A1FEA54F0111CA2CBB /* Cocoa.framework */,
			);
			name = "Linked Frameworks";
			sourceTree = "<group>";
		};
		1058C7A2FEA54F0111CA2CBB /* Other Frameworks */ = {
			isa = PBXGroup;
			children = (
				29B97324FDCFA39411CA2CEA /* AppKit.framework */,
				13E42FB307B3F0F600E4EEF1 /* CoreData.framework */,
				29B97325FDCFA39411CA2CEA /* Foundation.framework */,
			);
			name = "Other Frameworks";
			sourceTree = "<group>";
		};
		19C28FACFE9D520D11CA2CBB /* Products */ = {
			isa = PBXGroup;
			children = (
				8D1107320486CEB800E47090 /* FPopStatusBar.app */,
			);
			name = Products;
			sourceTree = "<group>";
		};
		29B97314FDCFA39411CA2CEA /* StatusBarApp */ = {
			isa = PBXGroup;
			children = (
				DD4AF57117CD6BBD001A1852 /* TetherStatusBar.icns */,
				080E96DDFE201D6D7F000001 /* Classes */,
				29B97315FDCFA39411CA2CEA /* Other Sources */,
				29B97317FDCFA39411CA2CEA /* Resources */,
				29B97323FDCFA39411CA2CEA /* Frameworks */,
				19C28FACFE9D520D11CA2CBB /* Products */,
			);
			name = StatusBarApp;
			sourceTree = "<group>";
		};
		29B97315FDCFA39411CA2CEA /* Other Sources */ = {
			isa = PBXGroup;
			children = (
				256AC3F00F4B6AF500CF3369 /* TetherStatusBar_Prefix.pch */,
				29B97316FDCFA39411CA2CEA /* main.m */,
			);
			name = "Other Sources";
			sourceTree = "<group>";
		};
		29B97317FDCFA39411CA2CEA /* Resources */ = {
			isa = PBXGroup;
			children = (
				DD8225361742F332006EFE04 /* battery-unknown-unknown.png */,
				DD82252A1742D35C006EFE04 /* battery-full-charging.png */,
				DD82252B1742D35C006EFE04 /* battery-full-normal.png */,
				DD82252C1742D35C006EFE04 /* battery-low-charging.png */,
				DD82252D1742D35C006EFE04 /* battery-low-normal.png */,
				DD82252E1742D35C006EFE04 /* battery-medium-charging.png */,
				DD82252F1742D35C006EFE04 /* battery-medium-normal.png */,
				DDD1D5D1173D44920085FDC6 /* network-gsm-full_18.png */,
				DDD1D5D2173D44920085FDC6 /* network-gsm-high_18.png */,
				DDD1D5D3173D44920085FDC6 /* network-gsm-low_18.png */,
				DDD1D5D4173D44920085FDC6 /* network-gsm-medium_18.png */,
				DDD1D5D5173D44920085FDC6 /* network-gsm-none_18.png */,
				DDD1D5D6173D44920085FDC6 /* network-wireless-disconnected_18.png */,
				8D1107310486CEB800E47090 /* TetherStatusBar-Info.plist */,
				089C165CFE840E0CC02AAC07 /* InfoPlist.strings */,
				1DDD58140DA1D0A300B32029 /* MainMenu.xib */,
				DD93A45A17C572F200C109F2 /* Defaults.plist */,
			);
			name = Resources;
			sourceTree = "<group>";
		};
		29B97323FDCFA39411CA2CEA /* Frameworks */ = {
			isa = PBXGroup;
			children = (
				1058C7A0FEA54F0111CA2CBB /* Linked Frameworks */,
				1058C7A2FEA54F0111CA2CBB /* Other Frameworks */,
			);
			name = Frameworks;
			sourceTree = "<group>";
		};
		DD3CE8051742BC880074FFEA /* Connection Status */ = {
			isa = PBXGroup;
			children = (
				DD3CE7F21742A9AC0074FFEA /* FPopConnectionStatusPoller.h */,
				DD3CE7F31742A9AC0074FFEA /* FPopConnectionStatusPoller.mm */,
				DD3CE7F81742AB980074FFEA /* FPopTestConnectionStatusPoller.h */,
				DD3CE7F91742AB980074FFEA /* FPopTestConnectionStatusPoller.m */,
			);
			name = "Connection Status";
			sourceTree = "<group>";
		};
		DD3CE8061742BC9F0074FFEA /* Battery Status */ = {
			isa = PBXGroup;
			children = (
				DD3CE7FB1742AF890074FFEA /* FPopBatteryStatusPoller.h */,
				DD3CE7FC1742AF890074FFEA /* FPopBatteryStatusPoller.m */,
				DD3CE8071742BCD70074FFEA /* FPopTestBatteryStatusPoller.h */,
				DD3CE8081742BCD70074FFEA /* FPopTestBatteryStatusPoller.m */,
			);
			name = "Battery Status";
			sourceTree = "<group>";
		};
		DD5CB92E174FC8DC009633EA /* Network */ = {
			isa = PBXGroup;
			children = (
				DDD1D5CB173C1DFC0085FDC6 /* HardwareNetworkMonitor.h */,
				DDD1D5CC173C1DFC0085FDC6 /* HardwareNetworkMonitor.m */,
				DD5CB92F174FC933009633EA /* WifiNetworkInfo.h */,
				DD5CB930174FC933009633EA /* WifiNetworkInfo.m */,
				DD5CB9361755684A009633EA /* TestHardwareNetworkMonitor.h */,
				DD5CB9371755684A009633EA /* TestHardwareNetworkMonitor.m */,
			);
			name = Network;
			sourceTree = "<group>";
		};
		DD7C5F1F17C4DD3A00F09323 /* Indicators */ = {
			isa = PBXGroup;
			children = (
				DD7C5F1917C429ED00F09323 /* VerizonIndicatorsStatusPoller.h */,
				DD7C5F1A17C429ED00F09323 /* VerizonIndicatorsStatusPoller.m */,
				DD7C5F2117C4DD7200F09323 /* VerizonTestIndicatorsStatusPoller.h */,
				DD7C5F2217C4DD7200F09323 /* VerizonTestIndicatorsStatusPoller.m */,
			);
			name = Indicators;
			sourceTree = "<group>";
		};
		DD7C5F2017C4DD4400F09323 /* Statistics */ = {
			isa = PBXGroup;
			children = (
				DD7C5F1C17C42FBF00F09323 /* VerizonStatisticsStatusPoller.h */,
				DD7C5F1D17C42FBF00F09323 /* VerizonStatisticsStatusPoller.m */,
				DD7C5F2717C4E5FF00F09323 /* VerizonTestStatisticsStatusPoller.h */,
				DD7C5F2817C4E5FF00F09323 /* VerizonTestStatisticsStatusPoller.m */,
			);
			name = Statistics;
			sourceTree = "<group>";
		};
		DD822542174ADA62006EFE04 /* Preferences */ = {
			isa = PBXGroup;
			children = (
				DD822543174ADAC1006EFE04 /* MASPreferencesViewController.h */,
				DD822544174ADAC1006EFE04 /* MASPreferencesWindow.xib */,
				DD822545174ADAC1006EFE04 /* MASPreferencesWindowController.h */,
				DD822546174ADAC1006EFE04 /* MASPreferencesWindowController.m */,
				DD82253D174AD9BD006EFE04 /* GeneralPreferencesViewController.h */,
				DD82253E174AD9BD006EFE04 /* GeneralPreferencesViewController.m */,
				DD82253F174AD9BE006EFE04 /* GeneralPreferencesViewController.xib */,
				DD822549174C3218006EFE04 /* PreferencesController.h */,
				DD82254A174C3218006EFE04 /* PreferencesController.m */,
				DD5CB93917594FC7009633EA /* TestPreferencesViewController.h */,
				DD5CB93A17594FC7009633EA /* TestPreferencesViewController.m */,
				DD5CB93B17594FC7009633EA /* TestPreferencesViewController.xib */,
			);
			name = Preferences;
			sourceTree = "<group>";
		};
		DDC7B0C417C3060900CB0280 /* Verizon Jetpack */ = {
			isa = PBXGroup;
			children = (
				DD7C5F1617C4292200F09323 /* VerizonStatusPoller.h */,
				DD7C5F1717C4292200F09323 /* VerizonStatusPoller.m */,
				DD7C5F1F17C4DD3A00F09323 /* Indicators */,
				DD7C5F2017C4DD4400F09323 /* Statistics */,
			);
			name = "Verizon Jetpack";
			sourceTree = "<group>";
		};
		DDC7B0CA17C3906000CB0280 /* Utils */ = {
			isa = PBXGroup;
			children = (
				DD3CE8011742B1B20074FFEA /* TetherStatusUtils.h */,
				DD3CE7FE1742AFF40074FFEA /* TetherApiPoller.h */,
				DD3CE7FF1742AFF40074FFEA /* TetherApiPoller.m */,
				DD7C5F2417C4DDE400F09323 /* TestDataList.h */,
				DD7C5F2517C4DDE400F09323 /* TestDataList.m */,
			);
			name = Utils;
			sourceTree = "<group>";
		};
		DDDC719D1790ABBE0063BB93 /* FPop */ = {
			isa = PBXGroup;
			children = (
				DDC7B0CB17C393BA00CB0280 /* FPopStatusPoller.h */,
				DDC7B0CC17C393BA00CB0280 /* FPopStatusPoller.m */,
				DD3CE8051742BC880074FFEA /* Connection Status */,
				DD3CE8061742BC9F0074FFEA /* Battery Status */,
			);
			name = FPop;
			sourceTree = "<group>";
		};
/* End PBXGroup section */

/* Begin PBXNativeTarget section */
		8D1107260486CEB800E47090 /* TetherStatusBar */ = {
			isa = PBXNativeTarget;
			buildConfigurationList = C01FCF4A08A954540054247B /* Build configuration list for PBXNativeTarget "TetherStatusBar" */;
			buildPhases = (
				8D1107290486CEB800E47090 /* Resources */,
				8D11072C0486CEB800E47090 /* Sources */,
				8D11072E0486CEB800E47090 /* Frameworks */,
			);
			buildRules = (
			);
			dependencies = (
			);
			name = TetherStatusBar;
			productInstallPath = "$(HOME)/Applications";
			productName = StatusBarApp;
			productReference = 8D1107320486CEB800E47090 /* FPopStatusBar.app */;
			productType = "com.apple.product-type.application";
		};
/* End PBXNativeTarget section */

/* Begin PBXProject section */
		29B97313FDCFA39411CA2CEA /* Project object */ = {
			isa = PBXProject;
			attributes = {
				LastUpgradeCheck = 0460;
			};
			buildConfigurationList = C01FCF4E08A954540054247B /* Build configuration list for PBXProject "TetherStatusBar" */;
			compatibilityVersion = "Xcode 3.2";
			developmentRegion = English;
			hasScannedForEncodings = 1;
			knownRegions = (
				en,
			);
			mainGroup = 29B97314FDCFA39411CA2CEA /* StatusBarApp */;
			projectDirPath = "";
			projectRoot = "";
			targets = (
				8D1107260486CEB800E47090 /* TetherStatusBar */,
			);
		};
/* End PBXProject section */

/* Begin PBXResourcesBuildPhase section */
		8D1107290486CEB800E47090 /* Resources */ = {
			isa = PBXResourcesBuildPhase;
			buildActionMask = 2147483647;
			files = (
				8D11072B0486CEB800E47090 /* InfoPlist.strings in Resources */,
				1DDD58160DA1D0A300B32029 /* MainMenu.xib in Resources */,
				DDD1D5D7173D44920085FDC6 /* network-gsm-full_18.png in Resources */,
				DDD1D5D8173D44920085FDC6 /* network-gsm-high_18.png in Resources */,
				DDD1D5D9173D44920085FDC6 /* network-gsm-low_18.png in Resources */,
				DDD1D5DA173D44920085FDC6 /* network-gsm-medium_18.png in Resources */,
				DDD1D5DB173D44920085FDC6 /* network-gsm-none_18.png in Resources */,
				DDD1D5DC173D44920085FDC6 /* network-wireless-disconnected_18.png in Resources */,
				DD8225301742D35C006EFE04 /* battery-full-charging.png in Resources */,
				DD8225311742D35C006EFE04 /* battery-full-normal.png in Resources */,
				DD8225321742D35C006EFE04 /* battery-low-charging.png in Resources */,
				DD8225331742D35C006EFE04 /* battery-low-normal.png in Resources */,
				DD8225341742D35C006EFE04 /* battery-medium-charging.png in Resources */,
				DD8225351742D35C006EFE04 /* battery-medium-normal.png in Resources */,
				DD8225371742F332006EFE04 /* battery-unknown-unknown.png in Resources */,
				DD822541174AD9BE006EFE04 /* GeneralPreferencesViewController.xib in Resources */,
				DD822547174ADAC1006EFE04 /* MASPreferencesWindow.xib in Resources */,
				DD5CB93D17594FC7009633EA /* TestPreferencesViewController.xib in Resources */,
				DD93A45B17C572F200C109F2 /* Defaults.plist in Resources */,
				DD4AF57217CD6BBD001A1852 /* TetherStatusBar.icns in Resources */,
			);
			runOnlyForDeploymentPostprocessing = 0;
		};
/* End PBXResourcesBuildPhase section */

/* Begin PBXSourcesBuildPhase section */
		8D11072C0486CEB800E47090 /* Sources */ = {
			isa = PBXSourcesBuildPhase;
			buildActionMask = 2147483647;
			files = (
				8D11072D0486CEB800E47090 /* main.m in Sources */,
				256AC3DA0F4B6AC300CF3369 /* TetherStatusBarAppDelegate.m in Sources */,
				DDD1D5CD173C1DFC0085FDC6 /* HardwareNetworkMonitor.m in Sources */,
				DD3CE7EF173D8C3B0074FFEA /* TetherStatusView.m in Sources */,
				DD3CE7F41742A9AC0074FFEA /* FPopConnectionStatusPoller.mm in Sources */,
				DD3CE7FA1742AB980074FFEA /* FPopTestConnectionStatusPoller.m in Sources */,
				DD3CE7FD1742AF890074FFEA /* FPopBatteryStatusPoller.m in Sources */,
				DD3CE8001742AFF40074FFEA /* TetherApiPoller.m in Sources */,
				DD3CE8091742BCD70074FFEA /* FPopTestBatteryStatusPoller.m in Sources */,
				DD822540174AD9BE006EFE04 /* GeneralPreferencesViewController.m in Sources */,
				DD822548174ADAC1006EFE04 /* MASPreferencesWindowController.m in Sources */,
				DD82254B174C3218006EFE04 /* PreferencesController.m in Sources */,
				DD5CB931174FC933009633EA /* WifiNetworkInfo.m in Sources */,
				DD5CB9381755684A009633EA /* TestHardwareNetworkMonitor.m in Sources */,
				DD5CB93C17594FC7009633EA /* TestPreferencesViewController.m in Sources */,
				DDDC71991790A8490063BB93 /* TetherStatus.mm in Sources */,
				DDDC71A21790AC230063BB93 /* TetherStatusPoller.m in Sources */,
				DDC7B0CD17C393BA00CB0280 /* FPopStatusPoller.m in Sources */,
				DD7C5F1817C4292200F09323 /* VerizonStatusPoller.m in Sources */,
				DD7C5F1B17C429ED00F09323 /* VerizonIndicatorsStatusPoller.m in Sources */,
				DD7C5F1E17C42FBF00F09323 /* VerizonStatisticsStatusPoller.m in Sources */,
				DD7C5F2317C4DD7200F09323 /* VerizonTestIndicatorsStatusPoller.m in Sources */,
				DD7C5F2617C4DDE400F09323 /* TestDataList.m in Sources */,
				DD7C5F2917C4E5FF00F09323 /* VerizonTestStatisticsStatusPoller.m in Sources */,
			);
			runOnlyForDeploymentPostprocessing = 0;
		};
/* End PBXSourcesBuildPhase section */

/* Begin PBXVariantGroup section */
		089C165CFE840E0CC02AAC07 /* InfoPlist.strings */ = {
			isa = PBXVariantGroup;
			children = (
				089C165DFE840E0CC02AAC07 /* English */,
			);
			name = InfoPlist.strings;
			sourceTree = "<group>";
		};
		1DDD58140DA1D0A300B32029 /* MainMenu.xib */ = {
			isa = PBXVariantGroup;
			children = (
				1DDD58150DA1D0A300B32029 /* English */,
			);
			name = MainMenu.xib;
			sourceTree = "<group>";
		};
/* End PBXVariantGroup section */

/* Begin XCBuildConfiguration section */
		C01FCF4B08A954540054247B /* Debug */ = {
			isa = XCBuildConfiguration;
			buildSettings = {
				ALWAYS_SEARCH_USER_PATHS = NO;
				COMBINE_HIDPI_IMAGES = YES;
				COPY_PHASE_STRIP = NO;
				GCC_DYNAMIC_NO_PIC = NO;
				GCC_MODEL_TUNING = G5;
				GCC_OPTIMIZATION_LEVEL = 0;
				GCC_PRECOMPILE_PREFIX_HEADER = YES;
				GCC_PREFIX_HEADER = TetherStatusBar_Prefix.pch;
				INFOPLIST_FILE = "TetherStatusBar-Info.plist";
				INSTALL_PATH = "$(HOME)/Applications";
				OTHER_LDFLAGS = "";
				PRODUCT_NAME = TetherStatusBar;
				SDKROOT = macosx10.7;
			};
			name = Debug;
		};
		C01FCF4C08A954540054247B /* Release */ = {
			isa = XCBuildConfiguration;
			buildSettings = {
				ALWAYS_SEARCH_USER_PATHS = NO;
				COMBINE_HIDPI_IMAGES = YES;
				DEBUG_INFORMATION_FORMAT = "dwarf-with-dsym";
				GCC_MODEL_TUNING = G5;
				GCC_PRECOMPILE_PREFIX_HEADER = YES;
				GCC_PREFIX_HEADER = TetherStatusBar_Prefix.pch;
				INFOPLIST_FILE = "TetherStatusBar-Info.plist";
				INSTALL_PATH = "$(HOME)/Applications";
				OTHER_LDFLAGS = "";
				PRODUCT_NAME = TetherStatusBar;
				SDKROOT = macosx10.7;
			};
			name = Release;
		};
		C01FCF4F08A954540054247B /* Debug */ = {
			isa = XCBuildConfiguration;
			buildSettings = {
				ARCHS = "$(ARCHS_STANDARD_64_BIT)";
				GCC_C_LANGUAGE_STANDARD = gnu99;
				GCC_OPTIMIZATION_LEVEL = 0;
				GCC_WARN_ABOUT_RETURN_TYPE = YES;
				GCC_WARN_UNUSED_VARIABLE = YES;
				ONLY_ACTIVE_ARCH = YES;
				"OTHER_CFLAGS[arch=*]" = "-DDEBUG";
				OTHER_LDFLAGS = (
					"-framework",
					SystemConfiguration,
				);
				SDKROOT = macosx10.7;
				SIMULATE_NETWORK = "";
			};
			name = Debug;
		};
		C01FCF5008A954540054247B /* Release */ = {
			isa = XCBuildConfiguration;
			buildSettings = {
				ARCHS = "$(ARCHS_STANDARD_64_BIT)";
				GCC_C_LANGUAGE_STANDARD = gnu99;
				GCC_WARN_ABOUT_RETURN_TYPE = YES;
				GCC_WARN_UNUSED_VARIABLE = YES;
				ONLY_ACTIVE_ARCH = YES;
				OTHER_LDFLAGS = (
					"-framework",
					SystemConfiguration,
				);
				SDKROOT = macosx10.7;
				SIMULATE_NETWORK = "";
			};
			name = Release;
		};
		DDD1D5DD173D47B90085FDC6 /* Simulate Network */ = {
			isa = XCBuildConfiguration;
			buildSettings = {
				ARCHS = "$(ARCHS_STANDARD_64_BIT)";
				GCC_C_LANGUAGE_STANDARD = gnu99;
				GCC_OPTIMIZATION_LEVEL = 0;
				GCC_WARN_ABOUT_RETURN_TYPE = YES;
				GCC_WARN_UNUSED_VARIABLE = YES;
				ONLY_ACTIVE_ARCH = YES;
				"OTHER_CFLAGS[arch=*]" = "-DDEBUG";
				OTHER_LDFLAGS = (
					"-framework",
					SystemConfiguration,
				);
				SDKROOT = macosx10.7;
				SIMULATE_NETWORK = "";
			};
			name = "Simulate Network";
		};
		DDD1D5DE173D47B90085FDC6 /* Simulate Network */ = {
			isa = XCBuildConfiguration;
			buildSettings = {
				ALWAYS_SEARCH_USER_PATHS = NO;
				COMBINE_HIDPI_IMAGES = YES;
				COPY_PHASE_STRIP = NO;
				GCC_DYNAMIC_NO_PIC = NO;
				GCC_MODEL_TUNING = G5;
				GCC_OPTIMIZATION_LEVEL = 0;
				GCC_PRECOMPILE_PREFIX_HEADER = YES;
				GCC_PREFIX_HEADER = TetherStatusBar_Prefix.pch;
				"GCC_PREPROCESSOR_DEFINITIONS[arch=*]" = "SIMULATE_NETWORK=1";
				INFOPLIST_FILE = "TetherStatusBar-Info.plist";
				INSTALL_PATH = "$(HOME)/Applications";
				OTHER_LDFLAGS = "";
				PRODUCT_NAME = TetherStatusBar;
				SDKROOT = macosx10.7;
			};
			name = "Simulate Network";
		};
/* End XCBuildConfiguration section */

/* Begin XCConfigurationList section */
		C01FCF4A08A954540054247B /* Build configuration list for PBXNativeTarget "TetherStatusBar" */ = {
			isa = XCConfigurationList;
			buildConfigurations = (
				C01FCF4B08A954540054247B /* Debug */,
				DDD1D5DE173D47B90085FDC6 /* Simulate Network */,
				C01FCF4C08A954540054247B /* Release */,
			);
			defaultConfigurationIsVisible = 0;
			defaultConfigurationName = Release;
		};
		C01FCF4E08A954540054247B /* Build configuration list for PBXProject "TetherStatusBar" */ = {
			isa = XCConfigurationList;
			buildConfigurations = (
				C01FCF4F08A954540054247B /* Debug */,
				DDD1D5DD173D47B90085FDC6 /* Simulate Network */,
				C01FCF5008A954540054247B /* Release */,
			);
			defaultConfigurationIsVisible = 0;
			defaultConfigurationName = Release;
		};
/* End XCConfigurationList section */
	};
	rootObject = 29B97313FDCFA39411CA2CEA /* Project object */;
}
